{
  "name": "shimwrappercheck",
  "version": "0.4.2",
  "lockfileVersion": 3,
  "requires": true,
  "packages": {
    "": {
      "name": "shimwrappercheck",
      "version": "0.4.2",
      "license": "MIT",
      "dependencies": {
        "dotenv": "^17.2.4"
      },
      "bin": {
        "git": "bin/git",
        "shim": "bin/shim",
        "shimwrappercheck": "bin/shimwrappercheck",
        "supabase": "bin/supabase"
      },
      "engines": {
        "node": ">=18"
      }
    },
    "node_modules/dotenv": {
      "version": "17.2.4",
      "resolved": "https://registry.npmjs.org/dotenv/-/dotenv-17.2.4.tgz",
      "integrity": "sha512-mudtfb4zRB4bVvdj0xRo+e6duH1csJRM8IukBqfTRvHotn9+LBXB8ynAidP9zHqoRC/fsllXgk4kCKlR21fIhw==",
      "license": "BSD-2-Clause",
      "engines": {
        "node": ">=12"
      },
      "funding": {
        "url": "https://dotenvx.com"
      }
    }
  }
}
